
Microsoft Visual Studio Solution File, Format Version 12.00
# Visual Studio Version 17
VisualStudioVersion = 17.13.35931.197 d17.13
MinimumVisualStudioVersion = 10.0.40219.1
Project("{FAE04EC0-301F-11D3-BF4B-00C04F79EFBC}") = "GattClientApp", "GattClientApp\GattClientApp.csproj", "{30A32F84-1AFF-49B6-8350-1D9CAA41838C}"
EndProject
Global
	GlobalSection(SolutionConfigurationPlatforms) = preSolution
		Debug|Any CPU = Debug|Any CPU
		Release|Any CPU = Release|Any CPU
	EndGlobalSection
	GlobalSection(ProjectConfigurationPlatforms) = postSolution
		{30A32F84-1AFF-49B6-8350-1D9CAA41838C}.Debug|Any CPU.ActiveCfg = Debug|Any CPU
		{30A32F84-1AFF-49B6-8350-1D9CAA41838C}.Debug|Any CPU.Build.0 = Debug|Any CPU
		{30A32F84-1AFF-49B6-8350-1D9CAA41838C}.Debug|Any CPU.Deploy.0 = Debug|Any CPU
		{30A32F84-1AFF-49B6-8350-1D9CAA41838C}.Release|Any CPU.ActiveCfg = Release|Any CPU
		{30A32F84-1AFF-49B6-8350-1D9CAA41838C}.Release|Any CPU.Build.0 = Release|Any CPU
		{30A32F84-1AFF-49B6-8350-1D9CAA41838C}.Release|Any CPU.Deploy.0 = Release|Any CPU
	EndGlobalSection
	GlobalSection(SolutionProperties) = preSolution
		HideSolutionNode = FALSE
	EndGlobalSection
	GlobalSection(ExtensibilityGlobals) = postSolution
		SolutionGuid = {3B87CB6F-C8BC-4645-9B59-C85A78964400}
	EndGlobalSection
EndGlobal
